
Microsoft Visual Studio Solution File, Format Version 12.00
# Visual Studio 15
VisualStudioVersion = 15.0.28307.421
MinimumVisualStudioVersion = 10.0.40219.1
Project("{FAE04EC0-301F-11D3-BF4B-00C04F79EFBC}") = "MyHouseKeepingBook", "MyHouseKeepingBook.csproj", "{36AE2E0B-6604-4E61-BEA5-A3E251A942AF}"
EndProject
Global
	GlobalSection(SolutionConfigurationPlatforms) = preSolution
		Debug|Any CPU = Debug|Any CPU
		Release|Any CPU = Release|Any CPU
	EndGlobalSection
	GlobalSection(ProjectConfigurationPlatforms) = postSolution
		{36AE2E0B-6604-4E61-BEA5-A3E251A942AF}.Debug|Any CPU.ActiveCfg = Debug|Any CPU
		{36AE2E0B-6604-4E61-BEA5-A3E251A942AF}.Debug|Any CPU.Build.0 = Debug|Any CPU
		{36AE2E0B-6604-4E61-BEA5-A3E251A942AF}.Release|Any CPU.ActiveCfg = Release|Any CPU
		{36AE2E0B-6604-4E61-BEA5-A3E251A942AF}.Release|Any CPU.Build.0 = Release|Any CPU
	EndGlobalSection
	GlobalSection(SolutionProperties) = preSolution
		HideSolutionNode = FALSE
	EndGlobalSection
	GlobalSection(ExtensibilityGlobals) = postSolution
		SolutionGuid = {15D5BC29-845E-45CE-AF83-27C87B28F4A8}
	EndGlobalSection
EndGlobal
